# This file is autogenerated, do not edit; changes may be undone by the next 'dep ensure'.


[[projects]]
  branch = "master"
  digest = "1:638c95c79ab8258f4e3407831212d5c1a39063e2ca0f66e971317cd8cd9ff7d5"
  name = "github.com/sh4nnongoh/goGithubStats"
  packages = ["src/githubstatsterminal"]
  pruneopts = "UT"
  revision = "e3daa2f62f8aaf3b1d99868f0267415e172d2a70"

[solve-meta]
  analyzer-name = "dep"
  analyzer-version = 1
  input-imports = ["github.com/sh4nnongoh/goGithubStats/src/githubstatsterminal"]
  solver-name = "gps-cdcl"
  solver-version = 1
